
Microsoft Visual Studio Solution File, Format Version 12.00
# Visual Studio Version 17
VisualStudioVersion = 17.14.36518.9 d17.14
MinimumVisualStudioVersion = 10.0.40219.1
Project("{FAE04EC0-301F-11D3-BF4B-00C04F79EFBC}") = "TaskManagerAuth", "TaskManagerAuth.csproj", "{FCAEE413-F2F0-425B-82E9-265C15E9B852}"
EndProject
Global
	GlobalSection(SolutionConfigurationPlatforms) = preSolution
		Debug|Any CPU = Debug|Any CPU
		Release|Any CPU = Release|Any CPU
	EndGlobalSection
	GlobalSection(ProjectConfigurationPlatforms) = postSolution
		{FCAEE413-F2F0-425B-82E9-265C15E9B852}.Debug|Any CPU.ActiveCfg = Debug|Any CPU
		{FCAEE413-F2F0-425B-82E9-265C15E9B852}.Debug|Any CPU.Build.0 = Debug|Any CPU
		{FCAEE413-F2F0-425B-82E9-265C15E9B852}.Release|Any CPU.ActiveCfg = Release|Any CPU
		{FCAEE413-F2F0-425B-82E9-265C15E9B852}.Release|Any CPU.Build.0 = Release|Any CPU
	EndGlobalSection
	GlobalSection(SolutionProperties) = preSolution
		HideSolutionNode = FALSE
	EndGlobalSection
	GlobalSection(ExtensibilityGlobals) = postSolution
		SolutionGuid = {9D0B4302-2E01-4152-900D-B3674613712A}
	EndGlobalSection
EndGlobal
